{
  "originHash" : "437e18596f37f81c72b3111ff4ba4db1b72973a523fa88c29bb81b6610aaa3b2",
  "pins" : [
    {
      "identity" : "swift-fsrs",
      "kind" : "remoteSourceControl",
      "location" : "https://github.com/4rays/swift-fsrs.git",
      "state" : {
        "revision" : "c2464a74d8f268de39664724c03c494606494f0e",
        "version" : "0.9.1"
      }
    }
  ],
  "version" : 3
}
