{
  "originHash" : "7b0fb7d2000be9e2c00bf1bfd1d39e057441394e13433cc636982bca02628de2",
  "pins" : [
    {
      "identity" : "swift-fsrs",
      "kind" : "remoteSourceControl",
      "location" : "https://github.com/4rays/swift-fsrs.git",
      "state" : {
        "revision" : "6779d34a76c90d8a9be9aa13724365d951f6f819",
        "version" : "0.9.2"
      }
    }
  ],
  "version" : 3
}
